
Microsoft Visual Studio Solution File, Format Version 12.00
# Visual Studio Version 17
VisualStudioVersion = 17.13.35828.75 d17.13
MinimumVisualStudioVersion = 10.0.40219.1
Project("{FAE04EC0-301F-11D3-BF4B-00C04F79EFBC}") = "To-DoListApp", "To-DoListApp\To-DoListApp.csproj", "{8D4EFA88-9840-4DC3-9767-D00201D520CC}"
EndProject
Global
	GlobalSection(SolutionConfigurationPlatforms) = preSolution
		Debug|Any CPU = Debug|Any CPU
		Release|Any CPU = Release|Any CPU
	EndGlobalSection
	GlobalSection(ProjectConfigurationPlatforms) = postSolution
		{8D4EFA88-9840-4DC3-9767-D00201D520CC}.Debug|Any CPU.ActiveCfg = Debug|Any CPU
		{8D4EFA88-9840-4DC3-9767-D00201D520CC}.Debug|Any CPU.Build.0 = Debug|Any CPU
		{8D4EFA88-9840-4DC3-9767-D00201D520CC}.Release|Any CPU.ActiveCfg = Release|Any CPU
		{8D4EFA88-9840-4DC3-9767-D00201D520CC}.Release|Any CPU.Build.0 = Release|Any CPU
	EndGlobalSection
	GlobalSection(SolutionProperties) = preSolution
		HideSolutionNode = FALSE
	EndGlobalSection
	GlobalSection(ExtensibilityGlobals) = postSolution
		SolutionGuid = {1A85EB02-2A5E-4AAB-9D23-6E63C54F1A4F}
	EndGlobalSection
EndGlobal
